
Microsoft Visual Studio Solution File, Format Version 12.00
# Visual Studio 14
VisualStudioVersion = 14.0.25420.1
MinimumVisualStudioVersion = 10.0.40219.1
Project("{FAE04EC0-301F-11D3-BF4B-00C04F79EFBC}") = "Nasa.PlutoRover.API", "Nasa.PlutoRover.API\Nasa.PlutoRover.API.csproj", "{925045E7-5CCC-409B-A497-C0685B4C953E}"
EndProject
Project("{FAE04EC0-301F-11D3-BF4B-00C04F79EFBC}") = "Nasa.PlutoRover.API.Tests", "Nasa.PlutoRover.API.Tests\Nasa.PlutoRover.API.Tests.csproj", "{D075E7C0-14F7-4AF2-9718-84813613D9A7}"
EndProject
Global
	GlobalSection(SolutionConfigurationPlatforms) = preSolution
		Debug|Any CPU = Debug|Any CPU
		Release|Any CPU = Release|Any CPU
	EndGlobalSection
	GlobalSection(ProjectConfigurationPlatforms) = postSolution
		{925045E7-5CCC-409B-A497-C0685B4C953E}.Debug|Any CPU.ActiveCfg = Debug|Any CPU
		{925045E7-5CCC-409B-A497-C0685B4C953E}.Debug|Any CPU.Build.0 = Debug|Any CPU
		{925045E7-5CCC-409B-A497-C0685B4C953E}.Release|Any CPU.ActiveCfg = Release|Any CPU
		{925045E7-5CCC-409B-A497-C0685B4C953E}.Release|Any CPU.Build.0 = Release|Any CPU
		{D075E7C0-14F7-4AF2-9718-84813613D9A7}.Debug|Any CPU.ActiveCfg = Debug|Any CPU
		{D075E7C0-14F7-4AF2-9718-84813613D9A7}.Debug|Any CPU.Build.0 = Debug|Any CPU
		{D075E7C0-14F7-4AF2-9718-84813613D9A7}.Release|Any CPU.ActiveCfg = Release|Any CPU
		{D075E7C0-14F7-4AF2-9718-84813613D9A7}.Release|Any CPU.Build.0 = Release|Any CPU
	EndGlobalSection
	GlobalSection(SolutionProperties) = preSolution
		HideSolutionNode = FALSE
	EndGlobalSection
EndGlobal
